// !$*UTF8*$!
{
	archiveVersion = 1;
	classes = {
	};
	objectVersion = 48;
	objects = {

/* Begin PBXBuildFile section */
		845B09621FD8013C009BC32C /* QuestionsTableViewController.swift in Sources */ = {isa = PBXBuildFile; fileRef = 845B09611FD8013C009BC32C /* QuestionsTableViewController.swift */; };
		845B096C1FD802F5009BC32C /* TableViewCell.swift in Sources */ = {isa = PBXBuildFile; fileRef = 845B096A1FD802F5009BC32C /* TableViewCell.swift */; };
		845B096D1FD802F5009BC32C /* TableViewCell.xib in Resources */ = {isa = PBXBuildFile; fileRef = 845B096B1FD802F5009BC32C /* TableViewCell.xib */; };
		849732491FDFD371004FA5FD /* nameId.swift in Sources */ = {isa = PBXBuildFile; fileRef = 849732481FDFD371004FA5FD /* nameId.swift */; };
		8497324B1FE012CE004FA5FD /* QuestionViewController.swift in Sources */ = {isa = PBXBuildFile; fileRef = 8497324A1FE012CE004FA5FD /* QuestionViewController.swift */; };
		849AF3771FD7E11800A6B0A5 /* AppDelegate.swift in Sources */ = {isa = PBXBuildFile; fileRef = 849AF3761FD7E11800A6B0A5 /* AppDelegate.swift */; };
		849AF3791FD7E11800A6B0A5 /* СategoriesViewController.swift in Sources */ = {isa = PBXBuildFile; fileRef = 849AF3781FD7E11800A6B0A5 /* СategoriesViewController.swift */; };
		849AF37C1FD7E11800A6B0A5 /* Main.storyboard in Resources */ = {isa = PBXBuildFile; fileRef = 849AF37A1FD7E11800A6B0A5 /* Main.storyboard */; };
		849AF37E1FD7E11800A6B0A5 /* Assets.xcassets in Resources */ = {isa = PBXBuildFile; fileRef = 849AF37D1FD7E11800A6B0A5 /* Assets.xcassets */; };
		849AF3811FD7E11800A6B0A5 /* LaunchScreen.storyboard in Resources */ = {isa = PBXBuildFile; fileRef = 849AF37F1FD7E11800A6B0A5 /* LaunchScreen.storyboard */; };
		84E4CB421FD85E4300F4C10D /* Info.plist in Resources */ = {isa = PBXBuildFile; fileRef = 849AF3821FD7E11800A6B0A5 /* Info.plist */; };
		84F0BF121FD8309E0086AC5D /* DataManager.swift in Sources */ = {isa = PBXBuildFile; fileRef = 84F0BF111FD8309E0086AC5D /* DataManager.swift */; };
		84F0BF141FD833370086AC5D /* Categories.swift in Sources */ = {isa = PBXBuildFile; fileRef = 84F0BF131FD833370086AC5D /* Categories.swift */; };
		84F0BF181FD838FA0086AC5D /* Question.swift in Sources */ = {isa = PBXBuildFile; fileRef = 84F0BF171FD838FA0086AC5D /* Question.swift */; };
		8DF3E027287D3F5A96382C3E /* Pods_task19JSON.framework in Frameworks */ = {isa = PBXBuildFile; fileRef = 9C992157E547039ABEDBDC21 /* Pods_task19JSON.framework */; };
/* End PBXBuildFile section */

/* Begin PBXFileReference section */
		81C89E9096F9D3042FA646E9 /* Pods-task19JSON.debug.xcconfig */ = {isa = PBXFileReference; includeInIndex = 1; lastKnownFileType = text.xcconfig; name = "Pods-task19JSON.debug.xcconfig"; path = "Pods/Target Support Files/Pods-task19JSON/Pods-task19JSON.debug.xcconfig"; sourceTree = "<group>"; };
		845B09611FD8013C009BC32C /* QuestionsTableViewController.swift */ = {isa = PBXFileReference; lastKnownFileType = sourcecode.swift; path = QuestionsTableViewController.swift; sourceTree = "<group>"; };
		845B096A1FD802F5009BC32C /* TableViewCell.swift */ = {isa = PBXFileReference; lastKnownFileType = sourcecode.swift; path = TableViewCell.swift; sourceTree = "<group>"; };
		845B096B1FD802F5009BC32C /* TableViewCell.xib */ = {isa = PBXFileReference; lastKnownFileType = file.xib; path = TableViewCell.xib; sourceTree = "<group>"; };
		849732481FDFD371004FA5FD /* nameId.swift */ = {isa = PBXFileReference; lastKnownFileType = sourcecode.swift; path = nameId.swift; sourceTree = "<group>"; };
		8497324A1FE012CE004FA5FD /* QuestionViewController.swift */ = {isa = PBXFileReference; lastKnownFileType = sourcecode.swift; path = QuestionViewController.swift; sourceTree = "<group>"; };
		849AF3731FD7E11800A6B0A5 /* task19JSON.app */ = {isa = PBXFileReference; explicitFileType = wrapper.application; includeInIndex = 0; path = task19JSON.app; sourceTree = BUILT_PRODUCTS_DIR; };
		849AF3761FD7E11800A6B0A5 /* AppDelegate.swift */ = {isa = PBXFileReference; lastKnownFileType = sourcecode.swift; path = AppDelegate.swift; sourceTree = "<group>"; };
		849AF3781FD7E11800A6B0A5 /* СategoriesViewController.swift */ = {isa = PBXFileReference; lastKnownFileType = sourcecode.swift; path = "СategoriesViewController.swift"; sourceTree = "<group>"; };
		849AF37B1FD7E11800A6B0A5 /* Base */ = {isa = PBXFileReference; lastKnownFileType = file.storyboard; name = Base; path = Base.lproj/Main.storyboard; sourceTree = "<group>"; };
		849AF37D1FD7E11800A6B0A5 /* Assets.xcassets */ = {isa = PBXFileReference; lastKnownFileType = folder.assetcatalog; path = Assets.xcassets; sourceTree = "<group>"; };
		849AF3801FD7E11800A6B0A5 /* Base */ = {isa = PBXFileReference; lastKnownFileType = file.storyboard; name = Base; path = Base.lproj/LaunchScreen.storyboard; sourceTree = "<group>"; };
		849AF3821FD7E11800A6B0A5 /* Info.plist */ = {isa = PBXFileReference; lastKnownFileType = text.plist.xml; path = Info.plist; sourceTree = "<group>"; };
		84F0BF111FD8309E0086AC5D /* DataManager.swift */ = {isa = PBXFileReference; lastKnownFileType = sourcecode.swift; path = DataManager.swift; sourceTree = "<group>"; };
		84F0BF131FD833370086AC5D /* Categories.swift */ = {isa = PBXFileReference; lastKnownFileType = sourcecode.swift; path = Categories.swift; sourceTree = "<group>"; };
		84F0BF171FD838FA0086AC5D /* Question.swift */ = {isa = PBXFileReference; lastKnownFileType = sourcecode.swift; path = Question.swift; sourceTree = "<group>"; };
		9C992157E547039ABEDBDC21 /* Pods_task19JSON.framework */ = {isa = PBXFileReference; explicitFileType = wrapper.framework; includeInIndex = 0; path = Pods_task19JSON.framework; sourceTree = BUILT_PRODUCTS_DIR; };
		C55197C7C1C0B8844ECEB77E /* Pods-task19JSON.release.xcconfig */ = {isa = PBXFileReference; includeInIndex = 1; lastKnownFileType = text.xcconfig; name = "Pods-task19JSON.release.xcconfig"; path = "Pods/Target Support Files/Pods-task19JSON/Pods-task19JSON.release.xcconfig"; sourceTree = "<group>"; };
/* End PBXFileReference section */

/* Begin PBXFrameworksBuildPhase section */
		849AF3701FD7E11800A6B0A5 /* Frameworks */ = {
			isa = PBXFrameworksBuildPhase;
			buildActionMask = 2147483647;
			files = (
				8DF3E027287D3F5A96382C3E /* Pods_task19JSON.framework in Frameworks */,
			);
			runOnlyForDeploymentPostprocessing = 0;
		};
/* End PBXFrameworksBuildPhase section */

/* Begin PBXGroup section */
		845B09641FD801F4009BC32C /* Model */ = {
			isa = PBXGroup;
			children = (
				84F0BF111FD8309E0086AC5D /* DataManager.swift */,
				84F0BF131FD833370086AC5D /* Categories.swift */,
				84F0BF171FD838FA0086AC5D /* Question.swift */,
			);
			path = Model;
			sourceTree = "<group>";
		};
		845B09651FD801FC009BC32C /* Controller */ = {
			isa = PBXGroup;
			children = (
				849AF3781FD7E11800A6B0A5 /* СategoriesViewController.swift */,
				845B09611FD8013C009BC32C /* QuestionsTableViewController.swift */,
				8497324A1FE012CE004FA5FD /* QuestionViewController.swift */,
				849AF37A1FD7E11800A6B0A5 /* Main.storyboard */,
			);
			path = Controller;
			sourceTree = "<group>";
		};
		845B09671FD80215009BC32C /* View */ = {
			isa = PBXGroup;
			children = (
				845B096A1FD802F5009BC32C /* TableViewCell.swift */,
				845B096B1FD802F5009BC32C /* TableViewCell.xib */,
			);
			path = View;
			sourceTree = "<group>";
		};
		845B09691FD80229009BC32C /* Help */ = {
			isa = PBXGroup;
			children = (
				849AF37D1FD7E11800A6B0A5 /* Assets.xcassets */,
				849AF37F1FD7E11800A6B0A5 /* LaunchScreen.storyboard */,
				849AF3821FD7E11800A6B0A5 /* Info.plist */,
				849AF3761FD7E11800A6B0A5 /* AppDelegate.swift */,
			);
			name = Help;
			sourceTree = "<group>";
		};
		849AF36A1FD7E11800A6B0A5 = {
			isa = PBXGroup;
			children = (
				849AF3751FD7E11800A6B0A5 /* task19JSON */,
				849AF3741FD7E11800A6B0A5 /* Products */,
				F496F9FCA2F57F1E0F34A9B6 /* Pods */,
				BA87652192317ADFE1DBA96C /* Frameworks */,
			);
			sourceTree = "<group>";
		};
		849AF3741FD7E11800A6B0A5 /* Products */ = {
			isa = PBXGroup;
			children = (
				849AF3731FD7E11800A6B0A5 /* task19JSON.app */,
			);
			name = Products;
			sourceTree = "<group>";
		};
		849AF3751FD7E11800A6B0A5 /* task19JSON */ = {
			isa = PBXGroup;
			children = (
				849732481FDFD371004FA5FD /* nameId.swift */,
				845B09671FD80215009BC32C /* View */,
				845B09651FD801FC009BC32C /* Controller */,
				845B09641FD801F4009BC32C /* Model */,
				845B09691FD80229009BC32C /* Help */,
			);
			path = task19JSON;
			sourceTree = "<group>";
		};
		BA87652192317ADFE1DBA96C /* Frameworks */ = {
			isa = PBXGroup;
			children = (
				9C992157E547039ABEDBDC21 /* Pods_task19JSON.framework */,
			);
			name = Frameworks;
			sourceTree = "<group>";
		};
		F496F9FCA2F57F1E0F34A9B6 /* Pods */ = {
			isa = PBXGroup;
			children = (
				81C89E9096F9D3042FA646E9 /* Pods-task19JSON.debug.xcconfig */,
				C55197C7C1C0B8844ECEB77E /* Pods-task19JSON.release.xcconfig */,
			);
			name = Pods;
			sourceTree = "<group>";
		};
/* End PBXGroup section */

/* Begin PBXNativeTarget section */
		849AF3721FD7E11800A6B0A5 /* task19JSON */ = {
			isa = PBXNativeTarget;
			buildConfigurationList = 849AF3851FD7E11800A6B0A5 /* Build configuration list for PBXNativeTarget "task19JSON" */;
			buildPhases = (
				FCA682EBDA1DF5106C1ADE16 /* [CP] Check Pods Manifest.lock */,
				849AF36F1FD7E11800A6B0A5 /* Sources */,
				849AF3701FD7E11800A6B0A5 /* Frameworks */,
				849AF3711FD7E11800A6B0A5 /* Resources */,
				1E1CC0800958275DF7B0E72F /* [CP] Embed Pods Frameworks */,
				018841221AB9BADAA9B40263 /* [CP] Copy Pods Resources */,
				845B09601FD7FDE4009BC32C /* ShellScript */,
			);
			buildRules = (
			);
			dependencies = (
			);
			name = task19JSON;
			productName = task19JSON;
			productReference = 849AF3731FD7E11800A6B0A5 /* task19JSON.app */;
			productType = "com.apple.product-type.application";
		};
/* End PBXNativeTarget section */

/* Begin PBXProject section */
		849AF36B1FD7E11800A6B0A5 /* Project object */ = {
			isa = PBXProject;
			attributes = {
				LastSwiftUpdateCheck = 0900;
				LastUpgradeCheck = 0900;
				ORGANIZATIONNAME = Bioprom;
				TargetAttributes = {
					849AF3721FD7E11800A6B0A5 = {
						CreatedOnToolsVersion = 9.0;
						ProvisioningStyle = Automatic;
					};
				};
			};
			buildConfigurationList = 849AF36E1FD7E11800A6B0A5 /* Build configuration list for PBXProject "task19JSON" */;
			compatibilityVersion = "Xcode 8.0";
			developmentRegion = en;
			hasScannedForEncodings = 0;
			knownRegions = (
				en,
				Base,
			);
			mainGroup = 849AF36A1FD7E11800A6B0A5;
			productRefGroup = 849AF3741FD7E11800A6B0A5 /* Products */;
			projectDirPath = "";
			projectRoot = "";
			targets = (
				849AF3721FD7E11800A6B0A5 /* task19JSON */,
			);
		};
/* End PBXProject section */

/* Begin PBXResourcesBuildPhase section */
		849AF3711FD7E11800A6B0A5 /* Resources */ = {
			isa = PBXResourcesBuildPhase;
			buildActionMask = 2147483647;
			files = (
				849AF3811FD7E11800A6B0A5 /* LaunchScreen.storyboard in Resources */,
				845B096D1FD802F5009BC32C /* TableViewCell.xib in Resources */,
				849AF37E1FD7E11800A6B0A5 /* Assets.xcassets in Resources */,
				84E4CB421FD85E4300F4C10D /* Info.plist in Resources */,
				849AF37C1FD7E11800A6B0A5 /* Main.storyboard in Resources */,
			);
			runOnlyForDeploymentPostprocessing = 0;
		};
/* End PBXResourcesBuildPhase section */

/* Begin PBXShellScriptBuildPhase section */
		018841221AB9BADAA9B40263 /* [CP] Copy Pods Resources */ = {
			isa = PBXShellScriptBuildPhase;
			buildActionMask = 2147483647;
			files = (
			);
			inputPaths = (
			);
			name = "[CP] Copy Pods Resources";
			outputPaths = (
			);
			runOnlyForDeploymentPostprocessing = 0;
			shellPath = /bin/sh;
			shellScript = "\"${SRCROOT}/Pods/Target Support Files/Pods-task19JSON/Pods-task19JSON-resources.sh\"\n";
			showEnvVarsInLog = 0;
		};
		1E1CC0800958275DF7B0E72F /* [CP] Embed Pods Frameworks */ = {
			isa = PBXShellScriptBuildPhase;
			buildActionMask = 2147483647;
			files = (
			);
			inputPaths = (
				"${SRCROOT}/Pods/Target Support Files/Pods-task19JSON/Pods-task19JSON-frameworks.sh",
				"${BUILT_PRODUCTS_DIR}/Alamofire/Alamofire.framework",
				"${BUILT_PRODUCTS_DIR}/SwiftyJSON/SwiftyJSON.framework",
			);
			name = "[CP] Embed Pods Frameworks";
			outputPaths = (
				"${TARGET_BUILD_DIR}/${FRAMEWORKS_FOLDER_PATH}/Alamofire.framework",
				"${TARGET_BUILD_DIR}/${FRAMEWORKS_FOLDER_PATH}/SwiftyJSON.framework",
			);
			runOnlyForDeploymentPostprocessing = 0;
			shellPath = /bin/sh;
			shellScript = "\"${SRCROOT}/Pods/Target Support Files/Pods-task19JSON/Pods-task19JSON-frameworks.sh\"\n";
			showEnvVarsInLog = 0;
		};
		845B09601FD7FDE4009BC32C /* ShellScript */ = {
			isa = PBXShellScriptBuildPhase;
			buildActionMask = 2147483647;
			files = (
			);
			inputPaths = (
			);
			outputPaths = (
			);
			runOnlyForDeploymentPostprocessing = 0;
			shellPath = /bin/sh;
			shellScript = "${PODS_ROOT}/SwiftLint/swiftlint";
		};
		FCA682EBDA1DF5106C1ADE16 /* [CP] Check Pods Manifest.lock */ = {
			isa = PBXShellScriptBuildPhase;
			buildActionMask = 2147483647;
			files = (
			);
			inputPaths = (
				"${PODS_PODFILE_DIR_PATH}/Podfile.lock",
				"${PODS_ROOT}/Manifest.lock",
			);
			name = "[CP] Check Pods Manifest.lock";
			outputPaths = (
				"$(DERIVED_FILE_DIR)/Pods-task19JSON-checkManifestLockResult.txt",
			);
			runOnlyForDeploymentPostprocessing = 0;
			shellPath = /bin/sh;
			shellScript = "diff \"${PODS_PODFILE_DIR_PATH}/Podfile.lock\" \"${PODS_ROOT}/Manifest.lock\" > /dev/null\nif [ $? != 0 ] ; then\n    # print error to STDERR\n    echo \"error: The sandbox is not in sync with the Podfile.lock. Run 'pod install' or update your CocoaPods installation.\" >&2\n    exit 1\nfi\n# This output is used by Xcode 'outputs' to avoid re-running this script phase.\necho \"SUCCESS\" > \"${SCRIPT_OUTPUT_FILE_0}\"\n";
			showEnvVarsInLog = 0;
		};
/* End PBXShellScriptBuildPhase section */

/* Begin PBXSourcesBuildPhase section */
		849AF36F1FD7E11800A6B0A5 /* Sources */ = {
			isa = PBXSourcesBuildPhase;
			buildActionMask = 2147483647;
			files = (
				849AF3791FD7E11800A6B0A5 /* СategoriesViewController.swift in Sources */,
				84F0BF121FD8309E0086AC5D /* DataManager.swift in Sources */,
				845B096C1FD802F5009BC32C /* TableViewCell.swift in Sources */,
				8497324B1FE012CE004FA5FD /* QuestionViewController.swift in Sources */,
				849AF3771FD7E11800A6B0A5 /* AppDelegate.swift in Sources */,
				845B09621FD8013C009BC32C /* QuestionsTableViewController.swift in Sources */,
				849732491FDFD371004FA5FD /* nameId.swift in Sources */,
				84F0BF181FD838FA0086AC5D /* Question.swift in Sources */,
				84F0BF141FD833370086AC5D /* Categories.swift in Sources */,
			);
			runOnlyForDeploymentPostprocessing = 0;
		};
/* End PBXSourcesBuildPhase section */

/* Begin PBXVariantGroup section */
		849AF37A1FD7E11800A6B0A5 /* Main.storyboard */ = {
			isa = PBXVariantGroup;
			children = (
				849AF37B1FD7E11800A6B0A5 /* Base */,
			);
			name = Main.storyboard;
			sourceTree = "<group>";
		};
		849AF37F1FD7E11800A6B0A5 /* LaunchScreen.storyboard */ = {
			isa = PBXVariantGroup;
			children = (
				849AF3801FD7E11800A6B0A5 /* Base */,
			);
			name = LaunchScreen.storyboard;
			sourceTree = "<group>";
		};
/* End PBXVariantGroup section */

/* Begin XCBuildConfiguration section */
		849AF3831FD7E11800A6B0A5 /* Debug */ = {
			isa = XCBuildConfiguration;
			buildSettings = {
				ALWAYS_SEARCH_USER_PATHS = NO;
				CLANG_ANALYZER_NONNULL = YES;
				CLANG_ANALYZER_NUMBER_OBJECT_CONVERSION = YES_AGGRESSIVE;
				CLANG_CXX_LANGUAGE_STANDARD = "gnu++14";
				CLANG_CXX_LIBRARY = "libc++";
				CLANG_ENABLE_MODULES = YES;
				CLANG_ENABLE_OBJC_ARC = YES;
				CLANG_WARN_BLOCK_CAPTURE_AUTORELEASING = YES;
				CLANG_WARN_BOOL_CONVERSION = YES;
				CLANG_WARN_COMMA = YES;
				CLANG_WARN_CONSTANT_CONVERSION = YES;
				CLANG_WARN_DIRECT_OBJC_ISA_USAGE = YES_ERROR;
				CLANG_WARN_DOCUMENTATION_COMMENTS = YES;
				CLANG_WARN_EMPTY_BODY = YES;
				CLANG_WARN_ENUM_CONVERSION = YES;
				CLANG_WARN_INFINITE_RECURSION = YES;
				CLANG_WARN_INT_CONVERSION = YES;
				CLANG_WARN_NON_LITERAL_NULL_CONVERSION = YES;
				CLANG_WARN_OBJC_LITERAL_CONVERSION = YES;
				CLANG_WARN_OBJC_ROOT_CLASS = YES_ERROR;
				CLANG_WARN_RANGE_LOOP_ANALYSIS = YES;
				CLANG_WARN_STRICT_PROTOTYPES = YES;
				CLANG_WARN_SUSPICIOUS_MOVE = YES;
				CLANG_WARN_UNGUARDED_AVAILABILITY = YES_AGGRESSIVE;
				CLANG_WARN_UNREACHABLE_CODE = YES;
				CLANG_WARN__DUPLICATE_METHOD_MATCH = YES;
				CODE_SIGN_IDENTITY = "iPhone Developer";
				COPY_PHASE_STRIP = NO;
				DEBUG_INFORMATION_FORMAT = dwarf;
				ENABLE_STRICT_OBJC_MSGSEND = YES;
				ENABLE_TESTABILITY = YES;
				GCC_C_LANGUAGE_STANDARD = gnu11;
				GCC_DYNAMIC_NO_PIC = NO;
				GCC_NO_COMMON_BLOCKS = YES;
				GCC_OPTIMIZATION_LEVEL = 0;
				GCC_PREPROCESSOR_DEFINITIONS = (
					"DEBUG=1",
					"$(inherited)",
				);
				GCC_WARN_64_TO_32_BIT_CONVERSION = YES;
				GCC_WARN_ABOUT_RETURN_TYPE = YES_ERROR;
				GCC_WARN_UNDECLARED_SELECTOR = YES;
				GCC_WARN_UNINITIALIZED_AUTOS = YES_AGGRESSIVE;
				GCC_WARN_UNUSED_FUNCTION = YES;
				GCC_WARN_UNUSED_VARIABLE = YES;
				IPHONEOS_DEPLOYMENT_TARGET = 10.0;
				MTL_ENABLE_DEBUG_INFO = YES;
				ONLY_ACTIVE_ARCH = YES;
				SDKROOT = iphoneos;
				SWIFT_ACTIVE_COMPILATION_CONDITIONS = DEBUG;
				SWIFT_OPTIMIZATION_LEVEL = "-Onone";
			};
			name = Debug;
		};
		849AF3841FD7E11800A6B0A5 /* Release */ = {
			isa = XCBuildConfiguration;
			buildSettings = {
				ALWAYS_SEARCH_USER_PATHS = NO;
				CLANG_ANALYZER_NONNULL = YES;
				CLANG_ANALYZER_NUMBER_OBJECT_CONVERSION = YES_AGGRESSIVE;
				CLANG_CXX_LANGUAGE_STANDARD = "gnu++14";
				CLANG_CXX_LIBRARY = "libc++";
				CLANG_ENABLE_MODULES = YES;
				CLANG_ENABLE_OBJC_ARC = YES;
				CLANG_WARN_BLOCK_CAPTURE_AUTORELEASING = YES;
				CLANG_WARN_BOOL_CONVERSION = YES;
				CLANG_WARN_COMMA = YES;
				CLANG_WARN_CONSTANT_CONVERSION = YES;
				CLANG_WARN_DIRECT_OBJC_ISA_USAGE = YES_ERROR;
				CLANG_WARN_DOCUMENTATION_COMMENTS = YES;
				CLANG_WARN_EMPTY_BODY = YES;
				CLANG_WARN_ENUM_CONVERSION = YES;
				CLANG_WARN_INFINITE_RECURSION = YES;
				CLANG_WARN_INT_CONVERSION = YES;
				CLANG_WARN_NON_LITERAL_NULL_CONVERSION = YES;
				CLANG_WARN_OBJC_LITERAL_CONVERSION = YES;
				CLANG_WARN_OBJC_ROOT_CLASS = YES_ERROR;
				CLANG_WARN_RANGE_LOOP_ANALYSIS = YES;
				CLANG_WARN_STRICT_PROTOTYPES = YES;
				CLANG_WARN_SUSPICIOUS_MOVE = YES;
				CLANG_WARN_UNGUARDED_AVAILABILITY = YES_AGGRESSIVE;
				CLANG_WARN_UNREACHABLE_CODE = YES;
				CLANG_WARN__DUPLICATE_METHOD_MATCH = YES;
				CODE_SIGN_IDENTITY = "iPhone Developer";
				COPY_PHASE_STRIP = NO;
				DEBUG_INFORMATION_FORMAT = "dwarf-with-dsym";
				ENABLE_NS_ASSERTIONS = NO;
				ENABLE_STRICT_OBJC_MSGSEND = YES;
				GCC_C_LANGUAGE_STANDARD = gnu11;
				GCC_NO_COMMON_BLOCKS = YES;
				GCC_WARN_64_TO_32_BIT_CONVERSION = YES;
				GCC_WARN_ABOUT_RETURN_TYPE = YES_ERROR;
				GCC_WARN_UNDECLARED_SELECTOR = YES;
				GCC_WARN_UNINITIALIZED_AUTOS = YES_AGGRESSIVE;
				GCC_WARN_UNUSED_FUNCTION = YES;
				GCC_WARN_UNUSED_VARIABLE = YES;
				IPHONEOS_DEPLOYMENT_TARGET = 10.0;
				MTL_ENABLE_DEBUG_INFO = NO;
				SDKROOT = iphoneos;
				SWIFT_OPTIMIZATION_LEVEL = "-Owholemodule";
				VALIDATE_PRODUCT = YES;
			};
			name = Release;
		};
		849AF3861FD7E11800A6B0A5 /* Debug */ = {
			isa = XCBuildConfiguration;
			baseConfigurationReference = 81C89E9096F9D3042FA646E9 /* Pods-task19JSON.debug.xcconfig */;
			buildSettings = {
				ASSETCATALOG_COMPILER_APPICON_NAME = AppIcon;
				CODE_SIGN_STYLE = Automatic;
				INFOPLIST_FILE = task19JSON/Info.plist;
				LD_RUNPATH_SEARCH_PATHS = "$(inherited) @executable_path/Frameworks";
				PRODUCT_BUNDLE_IDENTIFIER = ua.com.Bioprom.task19JSON;
				PRODUCT_NAME = "$(TARGET_NAME)";
				SWIFT_VERSION = 4.0;
				TARGETED_DEVICE_FAMILY = "1,2";
			};
			name = Debug;
		};
		849AF3871FD7E11800A6B0A5 /* Release */ = {
			isa = XCBuildConfiguration;
			baseConfigurationReference = C55197C7C1C0B8844ECEB77E /* Pods-task19JSON.release.xcconfig */;
			buildSettings = {
				ASSETCATALOG_COMPILER_APPICON_NAME = AppIcon;
				CODE_SIGN_STYLE = Automatic;
				INFOPLIST_FILE = task19JSON/Info.plist;
				LD_RUNPATH_SEARCH_PATHS = "$(inherited) @executable_path/Frameworks";
				PRODUCT_BUNDLE_IDENTIFIER = ua.com.Bioprom.task19JSON;
				PRODUCT_NAME = "$(TARGET_NAME)";
				SWIFT_VERSION = 4.0;
				TARGETED_DEVICE_FAMILY = "1,2";
			};
			name = Release;
		};
/* End XCBuildConfiguration section */

/* Begin XCConfigurationList section */
		849AF36E1FD7E11800A6B0A5 /* Build configuration list for PBXProject "task19JSON" */ = {
			isa = XCConfigurationList;
			buildConfigurations = (
				849AF3831FD7E11800A6B0A5 /* Debug */,
				849AF3841FD7E11800A6B0A5 /* Release */,
			);
			defaultConfigurationIsVisible = 0;
			defaultConfigurationName = Release;
		};
		849AF3851FD7E11800A6B0A5 /* Build configuration list for PBXNativeTarget "task19JSON" */ = {
			isa = XCConfigurationList;
			buildConfigurations = (
				849AF3861FD7E11800A6B0A5 /* Debug */,
				849AF3871FD7E11800A6B0A5 /* Release */,
			);
			defaultConfigurationIsVisible = 0;
			defaultConfigurationName = Release;
		};
/* End XCConfigurationList section */
	};
	rootObject = 849AF36B1FD7E11800A6B0A5 /* Project object */;
}
