PODS:
  - Alamofire (4.6.0)
  - SwiftLint (0.24.0)
  - SwiftyJSON (4.0.0)

DEPENDENCIES:
  - Alamofire
  - SwiftLint
  - SwiftyJSON

SPEC CHECKSUMS:
  Alamofire: f41a599bd63041760b26d393ec1069d9d7b917f4
  SwiftLint: a014c92b4664e8b13f380f8640a51bb1733778ba
  SwiftyJSON: 070dabdcb1beb81b247c65ffa3a79dbbfb3b48aa

PODFILE CHECKSUM: 98c840f10b6fdbce5979cc8a6ed8ccb5328de5ac

COCOAPODS: 1.3.1
